github.com/et-nik/metamod-go v0.0.2 h1:mZ5JGMxOZGVbnCB77cmSBDdox92Iqq020c7JFi46Mto=
github.com/et-nik/metamod-go v0.0.2/go.mod h1:Kv7gnf+8NbPsTHTVSQoHVhgki0wQRNbpDbZeQ1u58PU=
github.com/et-nik/metamod-go v0.0.3-0.20241119153909-364c33e15a24 h1:9TWqBqIYQ+ar8c5HgMSaZLDfJgdaPbd8kDuQ4c+lL1Y=
github.com/et-nik/metamod-go v0.0.3-0.20241119153909-364c33e15a24/go.mod h1:Kv7gnf+8NbPsTHTVSQoHVhgki0wQRNbpDbZeQ1u58PU=
